
Microsoft Visual Studio Solution File, Format Version 12.00
# Visual Studio Version 17
VisualStudioVersion = 17.10.35122.118
MinimumVisualStudioVersion = 10.0.40219.1
Project("{FAE04EC0-301F-11D3-BF4B-00C04F79EFBC}") = "SpaceWar", "SpaceWar\SpaceWar.csproj", "{A21176B8-46A1-448C-ADC1-053F8E8AFAAF}"
EndProject
Global
	GlobalSection(SolutionConfigurationPlatforms) = preSolution
		Debug|Any CPU = Debug|Any CPU
		Release|Any CPU = Release|Any CPU
	EndGlobalSection
	GlobalSection(ProjectConfigurationPlatforms) = postSolution
		{A21176B8-46A1-448C-ADC1-053F8E8AFAAF}.Debug|Any CPU.ActiveCfg = Debug|Any CPU
		{A21176B8-46A1-448C-ADC1-053F8E8AFAAF}.Debug|Any CPU.Build.0 = Debug|Any CPU
		{A21176B8-46A1-448C-ADC1-053F8E8AFAAF}.Release|Any CPU.ActiveCfg = Release|Any CPU
		{A21176B8-46A1-448C-ADC1-053F8E8AFAAF}.Release|Any CPU.Build.0 = Release|Any CPU
	EndGlobalSection
	GlobalSection(SolutionProperties) = preSolution
		HideSolutionNode = FALSE
	EndGlobalSection
	GlobalSection(ExtensibilityGlobals) = postSolution
		SolutionGuid = {A4DB826F-B3F5-4034-A7E7-525C4578FB57}
	EndGlobalSection
EndGlobal
